// !$*UTF8*$!
{
	archiveVersion = 1;
	classes = {
	};
	objectVersion = 50;
	objects = {

/* Begin PBXBuildFile section */
		229EC3EC20259A53004E76C6 /* ping.c in Sources */ = {isa = PBXBuildFile; fileRef = 229EC3EB20259A53004E76C6 /* ping.c */; };
		229EC3EF2025B810004E76C6 /* ios_system.framework in Frameworks */ = {isa = PBXBuildFile; fileRef = 229EC3EE2025B810004E76C6 /* ios_system.framework */; };
		229EC3F320264FCB004E76C6 /* gmt2local.c in Sources */ = {isa = PBXBuildFile; fileRef = 229EC3F220264FCB004E76C6 /* gmt2local.c */; };
		229EC3FE20265981004E76C6 /* atomicio.c in Sources */ = {isa = PBXBuildFile; fileRef = 229EC3F920265980004E76C6 /* atomicio.c */; };
		229EC3FF20265981004E76C6 /* netcat.c in Sources */ = {isa = PBXBuildFile; fileRef = 229EC3FA20265980004E76C6 /* netcat.c */; };
		229EC40020265981004E76C6 /* socks.c in Sources */ = {isa = PBXBuildFile; fileRef = 229EC3FC20265981004E76C6 /* socks.c */; };
		229EC40120265981004E76C6 /* sourceroute.c in Sources */ = {isa = PBXBuildFile; fileRef = 229EC3FD20265981004E76C6 /* sourceroute.c */; };
/* End PBXBuildFile section */

/* Begin PBXCopyFilesBuildPhase section */
		229EC3D820249305004E76C6 /* CopyFiles */ = {
			isa = PBXCopyFilesBuildPhase;
			buildActionMask = 2147483647;
			dstPath = "include/$(PRODUCT_NAME)";
			dstSubfolderSpec = 16;
			files = (
			);
			runOnlyForDeploymentPostprocessing = 0;
		};
/* End PBXCopyFilesBuildPhase section */

/* Begin PBXFileReference section */
		229EC3DA20249305004E76C6 /* libnetwork_ios.dylib */ = {isa = PBXFileReference; explicitFileType = archive.ar; includeInIndex = 0; path = libnetwork_ios.dylib; sourceTree = BUILT_PRODUCTS_DIR; };
		229EC3EA20259991004E76C6 /* ip_var.h */ = {isa = PBXFileReference; lastKnownFileType = sourcecode.c.h; path = ip_var.h; sourceTree = "<group>"; };
		229EC3EB20259A53004E76C6 /* ping.c */ = {isa = PBXFileReference; fileEncoding = 4; lastKnownFileType = sourcecode.c.c; name = ping.c; path = sources/ping.c; sourceTree = "<group>"; };
		229EC3EE2025B810004E76C6 /* ios_system.framework */ = {isa = PBXFileReference; lastKnownFileType = wrapper.framework; name = ios_system.framework; path = ../../ios_system/release/ios_system.framework; sourceTree = "<group>"; };
		229EC3F02025BA61004E76C6 /* sys_socket.h */ = {isa = PBXFileReference; lastKnownFileType = sourcecode.c.h; path = sys_socket.h; sourceTree = "<group>"; };
		229EC3F12025FC6F004E76C6 /* netinet_in.h */ = {isa = PBXFileReference; lastKnownFileType = sourcecode.c.h; path = netinet_in.h; sourceTree = "<group>"; };
		229EC3F220264FCB004E76C6 /* gmt2local.c */ = {isa = PBXFileReference; fileEncoding = 4; lastKnownFileType = sourcecode.c.c; name = gmt2local.c; path = sources/gmt2local.c; sourceTree = "<group>"; };
		229EC3F920265980004E76C6 /* atomicio.c */ = {isa = PBXFileReference; fileEncoding = 4; lastKnownFileType = sourcecode.c.c; name = atomicio.c; path = sources/netcat/atomicio.c; sourceTree = "<group>"; };
		229EC3FA20265980004E76C6 /* netcat.c */ = {isa = PBXFileReference; fileEncoding = 4; lastKnownFileType = sourcecode.c.c; name = netcat.c; path = sources/netcat/netcat.c; sourceTree = "<group>"; };
		229EC3FC20265981004E76C6 /* socks.c */ = {isa = PBXFileReference; fileEncoding = 4; lastKnownFileType = sourcecode.c.c; name = socks.c; path = sources/netcat/socks.c; sourceTree = "<group>"; };
		229EC3FD20265981004E76C6 /* sourceroute.c */ = {isa = PBXFileReference; fileEncoding = 4; lastKnownFileType = sourcecode.c.c; name = sourceroute.c; path = sources/netcat/sourceroute.c; sourceTree = "<group>"; };
		229EC40220265990004E76C6 /* netcat.txt */ = {isa = PBXFileReference; lastKnownFileType = text; name = netcat.txt; path = sources/netcat/netcat.txt; sourceTree = "<group>"; };
		229EC40320265C2E004E76C6 /* netinet_tcp.h */ = {isa = PBXFileReference; lastKnownFileType = sourcecode.c.h; path = netinet_tcp.h; sourceTree = "<group>"; };
		229EC4042026636D004E76C6 /* arpa_telnet.h */ = {isa = PBXFileReference; lastKnownFileType = sourcecode.c.h; path = arpa_telnet.h; sourceTree = "<group>"; };
		229EC40520266417004E76C6 /* sys_event.h */ = {isa = PBXFileReference; lastKnownFileType = sourcecode.c.h; path = sys_event.h; sourceTree = "<group>"; };
		229EC406202668F6004E76C6 /* mptcp_client */ = {isa = PBXFileReference; lastKnownFileType = folder; name = mptcp_client; path = sources/mptcp_client; sourceTree = "<group>"; };
		229EC4072026694F004E76C6 /* conn_lib.h */ = {isa = PBXFileReference; lastKnownFileType = sourcecode.c.h; name = conn_lib.h; path = sources/mptcp_client/conn_lib.h; sourceTree = "<group>"; };
/* End PBXFileReference section */

/* Begin PBXFrameworksBuildPhase section */
		229EC3D720249305004E76C6 /* Frameworks */ = {
			isa = PBXFrameworksBuildPhase;
			buildActionMask = 2147483647;
			files = (
				229EC3EF2025B810004E76C6 /* ios_system.framework in Frameworks */,
			);
			runOnlyForDeploymentPostprocessing = 0;
		};
/* End PBXFrameworksBuildPhase section */

/* Begin PBXGroup section */
		229EC3D120249304004E76C6 = {
			isa = PBXGroup;
			children = (
				229EC3EA20259991004E76C6 /* ip_var.h */,
				229EC3F02025BA61004E76C6 /* sys_socket.h */,
				229EC3F12025FC6F004E76C6 /* netinet_in.h */,
				229EC40320265C2E004E76C6 /* netinet_tcp.h */,
				229EC4042026636D004E76C6 /* arpa_telnet.h */,
				229EC40520266417004E76C6 /* sys_event.h */,
				229EC4072026694F004E76C6 /* conn_lib.h */,
				229EC406202668F6004E76C6 /* mptcp_client */,
				229EC3F820265918004E76C6 /* netcat */,
				229EC3E720249394004E76C6 /* ping */,
				229EC3DB20249305004E76C6 /* Products */,
				229EC3ED2025B810004E76C6 /* Frameworks */,
			);
			sourceTree = "<group>";
		};
		229EC3DB20249305004E76C6 /* Products */ = {
			isa = PBXGroup;
			children = (
				229EC3DA20249305004E76C6 /* libnetwork_ios.dylib */,
			);
			name = Products;
			sourceTree = "<group>";
		};
		229EC3E720249394004E76C6 /* ping */ = {
			isa = PBXGroup;
			children = (
				229EC3EB20259A53004E76C6 /* ping.c */,
				229EC3F220264FCB004E76C6 /* gmt2local.c */,
			);
			name = ping;
			sourceTree = "<group>";
		};
		229EC3ED2025B810004E76C6 /* Frameworks */ = {
			isa = PBXGroup;
			children = (
				229EC3EE2025B810004E76C6 /* ios_system.framework */,
			);
			name = Frameworks;
			sourceTree = "<group>";
		};
		229EC3F820265918004E76C6 /* netcat */ = {
			isa = PBXGroup;
			children = (
				229EC40220265990004E76C6 /* netcat.txt */,
				229EC3F920265980004E76C6 /* atomicio.c */,
				229EC3FA20265980004E76C6 /* netcat.c */,
				229EC3FC20265981004E76C6 /* socks.c */,
				229EC3FD20265981004E76C6 /* sourceroute.c */,
			);
			name = netcat;
			sourceTree = "<group>";
		};
/* End PBXGroup section */

/* Begin PBXNativeTarget section */
		229EC3D920249305004E76C6 /* network_ios */ = {
			isa = PBXNativeTarget;
			buildConfigurationList = 229EC3E320249305004E76C6 /* Build configuration list for PBXNativeTarget "network_ios" */;
			buildPhases = (
				229EC3D620249305004E76C6 /* Sources */,
				229EC3D720249305004E76C6 /* Frameworks */,
				229EC3D820249305004E76C6 /* CopyFiles */,
			);
			buildRules = (
			);
			dependencies = (
			);
			name = network_ios;
			productName = network_ios;
			productReference = 229EC3DA20249305004E76C6 /* libnetwork_ios.dylib */;
			productType = "com.apple.product-type.library.static";
		};
/* End PBXNativeTarget section */

/* Begin PBXProject section */
		229EC3D220249304004E76C6 /* Project object */ = {
			isa = PBXProject;
			attributes = {
				LastUpgradeCheck = 0930;
				ORGANIZATIONNAME = "Nicolas Holzschuch";
				TargetAttributes = {
					229EC3D920249305004E76C6 = {
						CreatedOnToolsVersion = 9.3;
					};
				};
			};
			buildConfigurationList = 229EC3D520249304004E76C6 /* Build configuration list for PBXProject "network_ios" */;
			compatibilityVersion = "Xcode 9.3";
			developmentRegion = en;
			hasScannedForEncodings = 0;
			knownRegions = (
				en,
			);
			mainGroup = 229EC3D120249304004E76C6;
			productRefGroup = 229EC3DB20249305004E76C6 /* Products */;
			projectDirPath = "";
			projectRoot = "";
			targets = (
				229EC3D920249305004E76C6 /* network_ios */,
			);
		};
/* End PBXProject section */

/* Begin PBXSourcesBuildPhase section */
		229EC3D620249305004E76C6 /* Sources */ = {
			isa = PBXSourcesBuildPhase;
			buildActionMask = 2147483647;
			files = (
				229EC3FF20265981004E76C6 /* netcat.c in Sources */,
				229EC3EC20259A53004E76C6 /* ping.c in Sources */,
				229EC40020265981004E76C6 /* socks.c in Sources */,
				229EC3FE20265981004E76C6 /* atomicio.c in Sources */,
				229EC40120265981004E76C6 /* sourceroute.c in Sources */,
				229EC3F320264FCB004E76C6 /* gmt2local.c in Sources */,
			);
			runOnlyForDeploymentPostprocessing = 0;
		};
/* End PBXSourcesBuildPhase section */

/* Begin XCBuildConfiguration section */
		229EC3E120249305004E76C6 /* Debug */ = {
			isa = XCBuildConfiguration;
			buildSettings = {
				ALWAYS_SEARCH_USER_PATHS = NO;
				CLANG_ANALYZER_NONNULL = YES;
				CLANG_ANALYZER_NUMBER_OBJECT_CONVERSION = YES_AGGRESSIVE;
				CLANG_CXX_LANGUAGE_STANDARD = "gnu++14";
				CLANG_CXX_LIBRARY = "libc++";
				CLANG_ENABLE_MODULES = YES;
				CLANG_ENABLE_OBJC_ARC = YES;
				CLANG_ENABLE_OBJC_WEAK = YES;
				CLANG_WARN_BLOCK_CAPTURE_AUTORELEASING = YES;
				CLANG_WARN_BOOL_CONVERSION = YES;
				CLANG_WARN_COMMA = YES;
				CLANG_WARN_CONSTANT_CONVERSION = YES;
				CLANG_WARN_DEPRECATED_OBJC_IMPLEMENTATIONS = YES;
				CLANG_WARN_DIRECT_OBJC_ISA_USAGE = YES_ERROR;
				CLANG_WARN_DOCUMENTATION_COMMENTS = YES;
				CLANG_WARN_EMPTY_BODY = YES;
				CLANG_WARN_ENUM_CONVERSION = YES;
				CLANG_WARN_INFINITE_RECURSION = YES;
				CLANG_WARN_INT_CONVERSION = YES;
				CLANG_WARN_NON_LITERAL_NULL_CONVERSION = YES;
				CLANG_WARN_OBJC_IMPLICIT_RETAIN_SELF = YES;
				CLANG_WARN_OBJC_LITERAL_CONVERSION = YES;
				CLANG_WARN_OBJC_ROOT_CLASS = YES_ERROR;
				CLANG_WARN_RANGE_LOOP_ANALYSIS = YES;
				CLANG_WARN_STRICT_PROTOTYPES = YES;
				CLANG_WARN_SUSPICIOUS_MOVE = YES;
				CLANG_WARN_UNGUARDED_AVAILABILITY = YES_AGGRESSIVE;
				CLANG_WARN_UNREACHABLE_CODE = YES;
				CLANG_WARN__DUPLICATE_METHOD_MATCH = YES;
				CODE_SIGN_IDENTITY = "iPhone Developer";
				COPY_PHASE_STRIP = NO;
				DEBUG_INFORMATION_FORMAT = dwarf;
				ENABLE_STRICT_OBJC_MSGSEND = YES;
				ENABLE_TESTABILITY = YES;
				GCC_C_LANGUAGE_STANDARD = gnu11;
				GCC_DYNAMIC_NO_PIC = NO;
				GCC_NO_COMMON_BLOCKS = YES;
				GCC_OPTIMIZATION_LEVEL = 0;
				GCC_PREPROCESSOR_DEFINITIONS = (
					"DEBUG=1",
					"$(inherited)",
				);
				GCC_WARN_64_TO_32_BIT_CONVERSION = YES;
				GCC_WARN_ABOUT_RETURN_TYPE = YES_ERROR;
				GCC_WARN_UNDECLARED_SELECTOR = YES;
				GCC_WARN_UNINITIALIZED_AUTOS = YES_AGGRESSIVE;
				GCC_WARN_UNUSED_FUNCTION = YES;
				GCC_WARN_UNUSED_VARIABLE = YES;
				IPHONEOS_DEPLOYMENT_TARGET = 11.3;
				MTL_ENABLE_DEBUG_INFO = YES;
				ONLY_ACTIVE_ARCH = YES;
				SDKROOT = iphoneos;
			};
			name = Debug;
		};
		229EC3E220249305004E76C6 /* Release */ = {
			isa = XCBuildConfiguration;
			buildSettings = {
				ALWAYS_SEARCH_USER_PATHS = NO;
				CLANG_ANALYZER_NONNULL = YES;
				CLANG_ANALYZER_NUMBER_OBJECT_CONVERSION = YES_AGGRESSIVE;
				CLANG_CXX_LANGUAGE_STANDARD = "gnu++14";
				CLANG_CXX_LIBRARY = "libc++";
				CLANG_ENABLE_MODULES = YES;
				CLANG_ENABLE_OBJC_ARC = YES;
				CLANG_ENABLE_OBJC_WEAK = YES;
				CLANG_WARN_BLOCK_CAPTURE_AUTORELEASING = YES;
				CLANG_WARN_BOOL_CONVERSION = YES;
				CLANG_WARN_COMMA = YES;
				CLANG_WARN_CONSTANT_CONVERSION = YES;
				CLANG_WARN_DEPRECATED_OBJC_IMPLEMENTATIONS = YES;
				CLANG_WARN_DIRECT_OBJC_ISA_USAGE = YES_ERROR;
				CLANG_WARN_DOCUMENTATION_COMMENTS = YES;
				CLANG_WARN_EMPTY_BODY = YES;
				CLANG_WARN_ENUM_CONVERSION = YES;
				CLANG_WARN_INFINITE_RECURSION = YES;
				CLANG_WARN_INT_CONVERSION = YES;
				CLANG_WARN_NON_LITERAL_NULL_CONVERSION = YES;
				CLANG_WARN_OBJC_IMPLICIT_RETAIN_SELF = YES;
				CLANG_WARN_OBJC_LITERAL_CONVERSION = YES;
				CLANG_WARN_OBJC_ROOT_CLASS = YES_ERROR;
				CLANG_WARN_RANGE_LOOP_ANALYSIS = YES;
				CLANG_WARN_STRICT_PROTOTYPES = YES;
				CLANG_WARN_SUSPICIOUS_MOVE = YES;
				CLANG_WARN_UNGUARDED_AVAILABILITY = YES_AGGRESSIVE;
				CLANG_WARN_UNREACHABLE_CODE = YES;
				CLANG_WARN__DUPLICATE_METHOD_MATCH = YES;
				CODE_SIGN_IDENTITY = "iPhone Developer";
				COPY_PHASE_STRIP = NO;
				DEBUG_INFORMATION_FORMAT = "dwarf-with-dsym";
				ENABLE_NS_ASSERTIONS = NO;
				ENABLE_STRICT_OBJC_MSGSEND = YES;
				GCC_C_LANGUAGE_STANDARD = gnu11;
				GCC_NO_COMMON_BLOCKS = YES;
				GCC_WARN_64_TO_32_BIT_CONVERSION = YES;
				GCC_WARN_ABOUT_RETURN_TYPE = YES_ERROR;
				GCC_WARN_UNDECLARED_SELECTOR = YES;
				GCC_WARN_UNINITIALIZED_AUTOS = YES_AGGRESSIVE;
				GCC_WARN_UNUSED_FUNCTION = YES;
				GCC_WARN_UNUSED_VARIABLE = YES;
				IPHONEOS_DEPLOYMENT_TARGET = 11.3;
				MTL_ENABLE_DEBUG_INFO = NO;
				SDKROOT = iphoneos;
				VALIDATE_PRODUCT = YES;
			};
			name = Release;
		};
		229EC3E420249305004E76C6 /* Debug */ = {
			isa = XCBuildConfiguration;
			buildSettings = {
				CODE_SIGN_STYLE = Automatic;
				DEVELOPMENT_TEAM = VG8Z23C8YL;
				EXECUTABLE_EXTENSION = dylib;
				MACH_O_TYPE = mh_dylib;
				OTHER_CFLAGS = (
					"-I",
					../ios_system/,
				);
				OTHER_LDFLAGS = (
					"-ObjC",
					"-F",
					Frameworks/,
				);
				PRODUCT_NAME = "$(TARGET_NAME)";
				SKIP_INSTALL = YES;
				TARGETED_DEVICE_FAMILY = "1,2";
			};
			name = Debug;
		};
		229EC3E520249305004E76C6 /* Release */ = {
			isa = XCBuildConfiguration;
			buildSettings = {
				CODE_SIGN_STYLE = Automatic;
				DEVELOPMENT_TEAM = VG8Z23C8YL;
				EXECUTABLE_EXTENSION = dylib;
				MACH_O_TYPE = mh_dylib;
				OTHER_CFLAGS = (
					"-I",
					../ios_system/,
				);
				OTHER_LDFLAGS = (
					"-ObjC",
					"-F",
					Frameworks/,
				);
				PRODUCT_NAME = "$(TARGET_NAME)";
				SKIP_INSTALL = YES;
				TARGETED_DEVICE_FAMILY = "1,2";
			};
			name = Release;
		};
/* End XCBuildConfiguration section */

/* Begin XCConfigurationList section */
		229EC3D520249304004E76C6 /* Build configuration list for PBXProject "network_ios" */ = {
			isa = XCConfigurationList;
			buildConfigurations = (
				229EC3E120249305004E76C6 /* Debug */,
				229EC3E220249305004E76C6 /* Release */,
			);
			defaultConfigurationIsVisible = 0;
			defaultConfigurationName = Release;
		};
		229EC3E320249305004E76C6 /* Build configuration list for PBXNativeTarget "network_ios" */ = {
			isa = XCConfigurationList;
			buildConfigurations = (
				229EC3E420249305004E76C6 /* Debug */,
				229EC3E520249305004E76C6 /* Release */,
			);
			defaultConfigurationIsVisible = 0;
			defaultConfigurationName = Release;
		};
/* End XCConfigurationList section */
	};
	rootObject = 229EC3D220249304004E76C6 /* Project object */;
}
